# This file is automatically @generated by Poetry 1.7.0 and should not be changed by hand.

[[package]]
name = "slack-sdk"
version = "3.33.1"
description = "The Slack API Platform SDK for Python"
optional = false
python-versions = ">=3.6"
files = [
    {file = "slack_sdk-3.33.1-py2.py3-none-any.whl", hash = "sha256:ef93beec3ce9c8f64da02fd487598a05ec4bc9c92ceed58f122dbe632691cbe2"},
    {file = "slack_sdk-3.33.1.tar.gz", hash = "sha256:e328bb661d95db5f66b993b1d64288ac7c72201a745b4c7cf8848dafb7b74e40"},
]

[package.extras]
optional = ["SQLAlchemy (>=1.4,<3)", "aiodns (>1.0)", "aiohttp (>=3.7.3,<4)", "boto3 (<=2)", "websocket-client (>=1,<2)", "websockets (>=9.1,<14)"]

[metadata]
lock-version = "2.0"
python-versions = "^3.11"
content-hash = "3028470eed50f15e90a711a0e02459f8a6d15ae690b91d04525607fb41f0aec5"
